
Microsoft Visual Studio Solution File, Format Version 11.00
# Visual Studio 2010
Project("{FAE04EC0-301F-11D3-BF4B-00C04F79EFBC}") = "Assembly-CSharp", "Assembly-CSharp.csproj", "{323FA94C-F1EF-8BF4-E170-8970F2C1A398}"
EndProject
Project("{FAE04EC0-301F-11D3-BF4B-00C04F79EFBC}") = "Assembly-CSharp-Editor", "Assembly-CSharp-Editor.csproj", "{6F6F5109-E8FA-6EF9-B22D-9E738770FA25}"
EndProject
Global
	GlobalSection(SolutionConfigurationPlatforms) = preSolution
		Debug|Any CPU = Debug|Any CPU
		Release|Any CPU = Release|Any CPU
	EndGlobalSection
	GlobalSection(ProjectConfigurationPlatforms) = postSolution
		{323FA94C-F1EF-8BF4-E170-8970F2C1A398}.Debug|Any CPU.ActiveCfg = Debug|Any CPU
		{323FA94C-F1EF-8BF4-E170-8970F2C1A398}.Debug|Any CPU.Build.0 = Debug|Any CPU
		{323FA94C-F1EF-8BF4-E170-8970F2C1A398}.Release|Any CPU.ActiveCfg = Release|Any CPU
		{323FA94C-F1EF-8BF4-E170-8970F2C1A398}.Release|Any CPU.Build.0 = Release|Any CPU
		{6F6F5109-E8FA-6EF9-B22D-9E738770FA25}.Debug|Any CPU.ActiveCfg = Debug|Any CPU
		{6F6F5109-E8FA-6EF9-B22D-9E738770FA25}.Debug|Any CPU.Build.0 = Debug|Any CPU
		{6F6F5109-E8FA-6EF9-B22D-9E738770FA25}.Release|Any CPU.ActiveCfg = Release|Any CPU
		{6F6F5109-E8FA-6EF9-B22D-9E738770FA25}.Release|Any CPU.Build.0 = Release|Any CPU
	EndGlobalSection
	GlobalSection(SolutionProperties) = preSolution
		HideSolutionNode = FALSE
	EndGlobalSection
	GlobalSection(MonoDevelopProperties) = preSolution
		StartupItem = Assembly-CSharp.csproj
	EndGlobalSection
EndGlobal
